
Microsoft Visual Studio Solution File, Format Version 12.00
# Visual Studio Version 16
VisualStudioVersion = 16.0.31424.327
MinimumVisualStudioVersion = 10.0.40219.1
Project("{9A19103F-16F7-4668-BE54-9A1E7A4F7556}") = "WebApplicationProject", "..\WebApplicationProject\WebApplicationProject.csproj", "{43FAF8ED-4542-4130-A4E6-FA07F546BB76}"
EndProject
Project("{9A19103F-16F7-4668-BE54-9A1E7A4F7556}") = "CRUDAPI", "CRUDAPI.csproj", "{154B0B58-9738-4780-803E-5CC48D01C9F0}"
EndProject
Global
	GlobalSection(SolutionConfigurationPlatforms) = preSolution
		Debug|Any CPU = Debug|Any CPU
		Release|Any CPU = Release|Any CPU
	EndGlobalSection
	GlobalSection(ProjectConfigurationPlatforms) = postSolution
		{43FAF8ED-4542-4130-A4E6-FA07F546BB76}.Debug|Any CPU.ActiveCfg = Debug|Any CPU
		{43FAF8ED-4542-4130-A4E6-FA07F546BB76}.Debug|Any CPU.Build.0 = Debug|Any CPU
		{43FAF8ED-4542-4130-A4E6-FA07F546BB76}.Release|Any CPU.ActiveCfg = Release|Any CPU
		{43FAF8ED-4542-4130-A4E6-FA07F546BB76}.Release|Any CPU.Build.0 = Release|Any CPU
		{154B0B58-9738-4780-803E-5CC48D01C9F0}.Debug|Any CPU.ActiveCfg = Debug|Any CPU
		{154B0B58-9738-4780-803E-5CC48D01C9F0}.Debug|Any CPU.Build.0 = Debug|Any CPU
		{154B0B58-9738-4780-803E-5CC48D01C9F0}.Release|Any CPU.ActiveCfg = Release|Any CPU
		{154B0B58-9738-4780-803E-5CC48D01C9F0}.Release|Any CPU.Build.0 = Release|Any CPU
	EndGlobalSection
	GlobalSection(SolutionProperties) = preSolution
		HideSolutionNode = FALSE
	EndGlobalSection
	GlobalSection(ExtensibilityGlobals) = postSolution
		SolutionGuid = {FB919448-C6D1-41B9-9830-E9C0E6093003}
	EndGlobalSection
EndGlobal
